
Microsoft Visual Studio Solution File, Format Version 12.00
Project("{FAE04EC0-301F-11D3-BF4B-00C04F79EFBC}") = "OpenCompany", "OpenCompany\OpenCompany.csproj", "{69EA5FB6-9799-46BA-9DD9-43FA0EC70346}"
EndProject
Project("{FAE04EC0-301F-11D3-BF4B-00C04F79EFBC}") = "OpenCompany.Preprocessor", "OpenCompany.Preprocessor\OpenCompany.Preprocessor.csproj", "{1BCD13C5-30B9-4130-A13F-88727BEA3FFB}"
EndProject
Project("{FAE04EC0-301F-11D3-BF4B-00C04F79EFBC}") = "OpenCompany.Postprocessor", "OpenCompany.Postprocessor\OpenCompany.Postprocessor.csproj", "{E15A955B-86AE-4ADB-B627-CCE6642A47EC}"
EndProject
Project("{FAE04EC0-301F-11D3-BF4B-00C04F79EFBC}") = "OpenCompany.Shared", "OpenCompany.Shared\OpenCompany.Shared.csproj", "{461C977F-3D77-491E-A2F4-F87F5BC58BA6}"
EndProject
Global
	GlobalSection(SolutionConfigurationPlatforms) = preSolution
		Debug|Any CPU = Debug|Any CPU
		Release|Any CPU = Release|Any CPU
	EndGlobalSection
	GlobalSection(ProjectConfigurationPlatforms) = postSolution
		{69EA5FB6-9799-46BA-9DD9-43FA0EC70346}.Debug|Any CPU.ActiveCfg = Debug|Any CPU
		{69EA5FB6-9799-46BA-9DD9-43FA0EC70346}.Debug|Any CPU.Build.0 = Debug|Any CPU
		{69EA5FB6-9799-46BA-9DD9-43FA0EC70346}.Release|Any CPU.ActiveCfg = Release|Any CPU
		{69EA5FB6-9799-46BA-9DD9-43FA0EC70346}.Release|Any CPU.Build.0 = Release|Any CPU
		{1BCD13C5-30B9-4130-A13F-88727BEA3FFB}.Debug|Any CPU.ActiveCfg = Debug|Any CPU
		{1BCD13C5-30B9-4130-A13F-88727BEA3FFB}.Debug|Any CPU.Build.0 = Debug|Any CPU
		{1BCD13C5-30B9-4130-A13F-88727BEA3FFB}.Release|Any CPU.ActiveCfg = Release|Any CPU
		{1BCD13C5-30B9-4130-A13F-88727BEA3FFB}.Release|Any CPU.Build.0 = Release|Any CPU
		{E15A955B-86AE-4ADB-B627-CCE6642A47EC}.Debug|Any CPU.ActiveCfg = Debug|Any CPU
		{E15A955B-86AE-4ADB-B627-CCE6642A47EC}.Debug|Any CPU.Build.0 = Debug|Any CPU
		{E15A955B-86AE-4ADB-B627-CCE6642A47EC}.Release|Any CPU.ActiveCfg = Release|Any CPU
		{E15A955B-86AE-4ADB-B627-CCE6642A47EC}.Release|Any CPU.Build.0 = Release|Any CPU
		{461C977F-3D77-491E-A2F4-F87F5BC58BA6}.Debug|Any CPU.ActiveCfg = Debug|Any CPU
		{461C977F-3D77-491E-A2F4-F87F5BC58BA6}.Debug|Any CPU.Build.0 = Debug|Any CPU
		{461C977F-3D77-491E-A2F4-F87F5BC58BA6}.Release|Any CPU.ActiveCfg = Release|Any CPU
		{461C977F-3D77-491E-A2F4-F87F5BC58BA6}.Release|Any CPU.Build.0 = Release|Any CPU
	EndGlobalSection
EndGlobal
